// !$*UTF8*$!
{
	archiveVersion = 1;
	classes = {
	};
	objectVersion = 55;
	objects = {

/* Begin PBXBuildFile section */
		3CA81860714B2EA7F67F780F /* Pods_WebtoonRecommend.framework in Frameworks */ = {isa = PBXBuildFile; fileRef = C233AC6CFB38824DD678C4D4 /* Pods_WebtoonRecommend.framework */; };
		BC0F949728ACBC2E007677C9 /* WebtoonData.swift in Sources */ = {isa = PBXBuildFile; fileRef = BC0F949628ACBC2E007677C9 /* WebtoonData.swift */; };
		BC0F949928ACBEFE007677C9 /* FirebaseTool.swift in Sources */ = {isa = PBXBuildFile; fileRef = BC0F949828ACBEFE007677C9 /* FirebaseTool.swift */; };
		BC0F949B28ADF7F3007677C9 /* FileTool.swift in Sources */ = {isa = PBXBuildFile; fileRef = BC0F949A28ADF7F3007677C9 /* FileTool.swift */; };
		BC0F94A428AE119E007677C9 /* GlobalVar.swift in Sources */ = {isa = PBXBuildFile; fileRef = BC0F94A328AE119E007677C9 /* GlobalVar.swift */; };
		BC0F94A628AF5738007677C9 /* GenreView.swift in Sources */ = {isa = PBXBuildFile; fileRef = BC0F94A528AF5738007677C9 /* GenreView.swift */; };
		BC0F94A828AF5743007677C9 /* StoryView.swift in Sources */ = {isa = PBXBuildFile; fileRef = BC0F94A728AF5743007677C9 /* StoryView.swift */; };
		BC0F94AA28AF5763007677C9 /* DrawingStyleView.swift in Sources */ = {isa = PBXBuildFile; fileRef = BC0F94A928AF5763007677C9 /* DrawingStyleView.swift */; };
		BC0F94AD28AF5AAC007677C9 /* ColorExtension.swift in Sources */ = {isa = PBXBuildFile; fileRef = BC0F94AC28AF5AAC007677C9 /* ColorExtension.swift */; };
		BC7CCEF128ACB0290055E771 /* GoogleService-Info.plist in Resources */ = {isa = PBXBuildFile; fileRef = BC7CCEF028ACB0290055E771 /* GoogleService-Info.plist */; };
		BC8DD30328AB716900B27840 /* WebtoonRecommendApp.swift in Sources */ = {isa = PBXBuildFile; fileRef = BC8DD30228AB716900B27840 /* WebtoonRecommendApp.swift */; };
		BC8DD30528AB716900B27840 /* ContentView.swift in Sources */ = {isa = PBXBuildFile; fileRef = BC8DD30428AB716900B27840 /* ContentView.swift */; };
		BC8DD30728AB716A00B27840 /* Assets.xcassets in Resources */ = {isa = PBXBuildFile; fileRef = BC8DD30628AB716A00B27840 /* Assets.xcassets */; };
		BC8DD30A28AB716A00B27840 /* Preview Assets.xcassets in Resources */ = {isa = PBXBuildFile; fileRef = BC8DD30928AB716A00B27840 /* Preview Assets.xcassets */; };
/* End PBXBuildFile section */

/* Begin PBXFileReference section */
		6F86F5B3704A11141D7510AE /* Pods-WebtoonRecommend.release.xcconfig */ = {isa = PBXFileReference; includeInIndex = 1; lastKnownFileType = text.xcconfig; name = "Pods-WebtoonRecommend.release.xcconfig"; path = "Target Support Files/Pods-WebtoonRecommend/Pods-WebtoonRecommend.release.xcconfig"; sourceTree = "<group>"; };
		BC0F949628ACBC2E007677C9 /* WebtoonData.swift */ = {isa = PBXFileReference; lastKnownFileType = sourcecode.swift; path = WebtoonData.swift; sourceTree = "<group>"; };
		BC0F949828ACBEFE007677C9 /* FirebaseTool.swift */ = {isa = PBXFileReference; lastKnownFileType = sourcecode.swift; path = FirebaseTool.swift; sourceTree = "<group>"; };
		BC0F949A28ADF7F3007677C9 /* FileTool.swift */ = {isa = PBXFileReference; lastKnownFileType = sourcecode.swift; path = FileTool.swift; sourceTree = "<group>"; };
		BC0F949C28AE0F81007677C9 /* Info.plist */ = {isa = PBXFileReference; lastKnownFileType = text.plist; path = Info.plist; sourceTree = "<group>"; };
		BC0F94A328AE119E007677C9 /* GlobalVar.swift */ = {isa = PBXFileReference; lastKnownFileType = sourcecode.swift; path = GlobalVar.swift; sourceTree = "<group>"; };
		BC0F94A528AF5738007677C9 /* GenreView.swift */ = {isa = PBXFileReference; lastKnownFileType = sourcecode.swift; path = GenreView.swift; sourceTree = "<group>"; };
		BC0F94A728AF5743007677C9 /* StoryView.swift */ = {isa = PBXFileReference; lastKnownFileType = sourcecode.swift; path = StoryView.swift; sourceTree = "<group>"; };
		BC0F94A928AF5763007677C9 /* DrawingStyleView.swift */ = {isa = PBXFileReference; lastKnownFileType = sourcecode.swift; path = DrawingStyleView.swift; sourceTree = "<group>"; };
		BC0F94AC28AF5AAC007677C9 /* ColorExtension.swift */ = {isa = PBXFileReference; lastKnownFileType = sourcecode.swift; path = ColorExtension.swift; sourceTree = "<group>"; };
		BC7CCEF028ACB0290055E771 /* GoogleService-Info.plist */ = {isa = PBXFileReference; fileEncoding = 4; lastKnownFileType = text.plist.xml; name = "GoogleService-Info.plist"; path = "../../../../../../../Downloads/GoogleService-Info.plist"; sourceTree = "<group>"; };
		BC8DD2FF28AB716900B27840 /* WebtoonRecommend.app */ = {isa = PBXFileReference; explicitFileType = wrapper.application; includeInIndex = 0; path = WebtoonRecommend.app; sourceTree = BUILT_PRODUCTS_DIR; };
		BC8DD30228AB716900B27840 /* WebtoonRecommendApp.swift */ = {isa = PBXFileReference; lastKnownFileType = sourcecode.swift; path = WebtoonRecommendApp.swift; sourceTree = "<group>"; };
		BC8DD30428AB716900B27840 /* ContentView.swift */ = {isa = PBXFileReference; lastKnownFileType = sourcecode.swift; path = ContentView.swift; sourceTree = "<group>"; };
		BC8DD30628AB716A00B27840 /* Assets.xcassets */ = {isa = PBXFileReference; lastKnownFileType = folder.assetcatalog; path = Assets.xcassets; sourceTree = "<group>"; };
		BC8DD30928AB716A00B27840 /* Preview Assets.xcassets */ = {isa = PBXFileReference; lastKnownFileType = folder.assetcatalog; path = "Preview Assets.xcassets"; sourceTree = "<group>"; };
		C233AC6CFB38824DD678C4D4 /* Pods_WebtoonRecommend.framework */ = {isa = PBXFileReference; explicitFileType = wrapper.framework; includeInIndex = 0; path = Pods_WebtoonRecommend.framework; sourceTree = BUILT_PRODUCTS_DIR; };
		CC24254DD56ABE31F0A7BF40 /* Pods-WebtoonRecommend.debug.xcconfig */ = {isa = PBXFileReference; includeInIndex = 1; lastKnownFileType = text.xcconfig; name = "Pods-WebtoonRecommend.debug.xcconfig"; path = "Target Support Files/Pods-WebtoonRecommend/Pods-WebtoonRecommend.debug.xcconfig"; sourceTree = "<group>"; };
/* End PBXFileReference section */

/* Begin PBXFrameworksBuildPhase section */
		BC8DD2FC28AB716900B27840 /* Frameworks */ = {
			isa = PBXFrameworksBuildPhase;
			buildActionMask = 2147483647;
			files = (
				3CA81860714B2EA7F67F780F /* Pods_WebtoonRecommend.framework in Frameworks */,
			);
			runOnlyForDeploymentPostprocessing = 0;
		};
/* End PBXFrameworksBuildPhase section */

/* Begin PBXGroup section */
		2F0A87C72045860C02BE6C16 /* Frameworks */ = {
			isa = PBXGroup;
			children = (
				C233AC6CFB38824DD678C4D4 /* Pods_WebtoonRecommend.framework */,
			);
			name = Frameworks;
			sourceTree = "<group>";
		};
		BC0F949D28AE0F9D007677C9 /* Tool */ = {
			isa = PBXGroup;
			children = (
				BC0F949828ACBEFE007677C9 /* FirebaseTool.swift */,
				BC0F949A28ADF7F3007677C9 /* FileTool.swift */,
			);
			path = Tool;
			sourceTree = "<group>";
		};
		BC0F949E28AE0FB3007677C9 /* Data */ = {
			isa = PBXGroup;
			children = (
				BC0F949628ACBC2E007677C9 /* WebtoonData.swift */,
			);
			path = Data;
			sourceTree = "<group>";
		};
		BC0F94A128AE1008007677C9 /* Screen */ = {
			isa = PBXGroup;
			children = (
				BC8DD30428AB716900B27840 /* ContentView.swift */,
				BC0F94A528AF5738007677C9 /* GenreView.swift */,
				BC0F94A728AF5743007677C9 /* StoryView.swift */,
				BC0F94A928AF5763007677C9 /* DrawingStyleView.swift */,
			);
			path = Screen;
			sourceTree = "<group>";
		};
		BC0F94A228AE1191007677C9 /* Global */ = {
			isa = PBXGroup;
			children = (
				BC0F94A328AE119E007677C9 /* GlobalVar.swift */,
			);
			path = Global;
			sourceTree = "<group>";
		};
		BC0F94AB28AF5A97007677C9 /* Extension */ = {
			isa = PBXGroup;
			children = (
				BC0F94AC28AF5AAC007677C9 /* ColorExtension.swift */,
			);
			path = Extension;
			sourceTree = "<group>";
		};
		BC8DD2F628AB716900B27840 = {
			isa = PBXGroup;
			children = (
				BC8DD30128AB716900B27840 /* WebtoonRecommend */,
				BC8DD30028AB716900B27840 /* Products */,
				C0850E05DB84ECFF4B598BD1 /* Pods */,
				2F0A87C72045860C02BE6C16 /* Frameworks */,
			);
			sourceTree = "<group>";
		};
		BC8DD30028AB716900B27840 /* Products */ = {
			isa = PBXGroup;
			children = (
				BC8DD2FF28AB716900B27840 /* WebtoonRecommend.app */,
			);
			name = Products;
			sourceTree = "<group>";
		};
		BC8DD30128AB716900B27840 /* WebtoonRecommend */ = {
			isa = PBXGroup;
			children = (
				BC8DD30228AB716900B27840 /* WebtoonRecommendApp.swift */,
				BC0F94AB28AF5A97007677C9 /* Extension */,
				BC0F94A228AE1191007677C9 /* Global */,
				BC0F94A128AE1008007677C9 /* Screen */,
				BC0F949E28AE0FB3007677C9 /* Data */,
				BC0F949D28AE0F9D007677C9 /* Tool */,
				BC0F949C28AE0F81007677C9 /* Info.plist */,
				BC8DD30628AB716A00B27840 /* Assets.xcassets */,
				BC7CCEF028ACB0290055E771 /* GoogleService-Info.plist */,
				BC8DD30828AB716A00B27840 /* Preview Content */,
			);
			path = WebtoonRecommend;
			sourceTree = "<group>";
		};
		BC8DD30828AB716A00B27840 /* Preview Content */ = {
			isa = PBXGroup;
			children = (
				BC8DD30928AB716A00B27840 /* Preview Assets.xcassets */,
			);
			path = "Preview Content";
			sourceTree = "<group>";
		};
		C0850E05DB84ECFF4B598BD1 /* Pods */ = {
			isa = PBXGroup;
			children = (
				CC24254DD56ABE31F0A7BF40 /* Pods-WebtoonRecommend.debug.xcconfig */,
				6F86F5B3704A11141D7510AE /* Pods-WebtoonRecommend.release.xcconfig */,
			);
			path = Pods;
			sourceTree = "<group>";
		};
/* End PBXGroup section */

/* Begin PBXNativeTarget section */
		BC8DD2FE28AB716900B27840 /* WebtoonRecommend */ = {
			isa = PBXNativeTarget;
			buildConfigurationList = BC8DD30D28AB716A00B27840 /* Build configuration list for PBXNativeTarget "WebtoonRecommend" */;
			buildPhases = (
				6B2F55AE76780855A8AF49EB /* [CP] Check Pods Manifest.lock */,
				BC8DD2FB28AB716900B27840 /* Sources */,
				BC8DD2FC28AB716900B27840 /* Frameworks */,
				BC8DD2FD28AB716900B27840 /* Resources */,
				91F6E94FBCDAF8B55970833B /* [CP] Embed Pods Frameworks */,
			);
			buildRules = (
			);
			dependencies = (
			);
			name = WebtoonRecommend;
			productName = WebtoonRecommend;
			productReference = BC8DD2FF28AB716900B27840 /* WebtoonRecommend.app */;
			productType = "com.apple.product-type.application";
		};
/* End PBXNativeTarget section */

/* Begin PBXProject section */
		BC8DD2F728AB716900B27840 /* Project object */ = {
			isa = PBXProject;
			attributes = {
				BuildIndependentTargetsInParallel = 1;
				LastSwiftUpdateCheck = 1330;
				LastUpgradeCheck = 1330;
				TargetAttributes = {
					BC8DD2FE28AB716900B27840 = {
						CreatedOnToolsVersion = 13.3.1;
					};
				};
			};
			buildConfigurationList = BC8DD2FA28AB716900B27840 /* Build configuration list for PBXProject "WebtoonRecommend" */;
			compatibilityVersion = "Xcode 13.0";
			developmentRegion = en;
			hasScannedForEncodings = 0;
			knownRegions = (
				en,
				Base,
			);
			mainGroup = BC8DD2F628AB716900B27840;
			productRefGroup = BC8DD30028AB716900B27840 /* Products */;
			projectDirPath = "";
			projectRoot = "";
			targets = (
				BC8DD2FE28AB716900B27840 /* WebtoonRecommend */,
			);
		};
/* End PBXProject section */

/* Begin PBXResourcesBuildPhase section */
		BC8DD2FD28AB716900B27840 /* Resources */ = {
			isa = PBXResourcesBuildPhase;
			buildActionMask = 2147483647;
			files = (
				BC8DD30A28AB716A00B27840 /* Preview Assets.xcassets in Resources */,
				BC8DD30728AB716A00B27840 /* Assets.xcassets in Resources */,
				BC7CCEF128ACB0290055E771 /* GoogleService-Info.plist in Resources */,
			);
			runOnlyForDeploymentPostprocessing = 0;
		};
/* End PBXResourcesBuildPhase section */

/* Begin PBXShellScriptBuildPhase section */
		6B2F55AE76780855A8AF49EB /* [CP] Check Pods Manifest.lock */ = {
			isa = PBXShellScriptBuildPhase;
			buildActionMask = 2147483647;
			files = (
			);
			inputFileListPaths = (
			);
			inputPaths = (
				"${PODS_PODFILE_DIR_PATH}/Podfile.lock",
				"${PODS_ROOT}/Manifest.lock",
			);
			name = "[CP] Check Pods Manifest.lock";
			outputFileListPaths = (
			);
			outputPaths = (
				"$(DERIVED_FILE_DIR)/Pods-WebtoonRecommend-checkManifestLockResult.txt",
			);
			runOnlyForDeploymentPostprocessing = 0;
			shellPath = /bin/sh;
			shellScript = "diff \"${PODS_PODFILE_DIR_PATH}/Podfile.lock\" \"${PODS_ROOT}/Manifest.lock\" > /dev/null\nif [ $? != 0 ] ; then\n    # print error to STDERR\n    echo \"error: The sandbox is not in sync with the Podfile.lock. Run 'pod install' or update your CocoaPods installation.\" >&2\n    exit 1\nfi\n# This output is used by Xcode 'outputs' to avoid re-running this script phase.\necho \"SUCCESS\" > \"${SCRIPT_OUTPUT_FILE_0}\"\n";
			showEnvVarsInLog = 0;
		};
		91F6E94FBCDAF8B55970833B /* [CP] Embed Pods Frameworks */ = {
			isa = PBXShellScriptBuildPhase;
			buildActionMask = 2147483647;
			files = (
			);
			inputFileListPaths = (
				"${PODS_ROOT}/Target Support Files/Pods-WebtoonRecommend/Pods-WebtoonRecommend-frameworks-${CONFIGURATION}-input-files.xcfilelist",
			);
			name = "[CP] Embed Pods Frameworks";
			outputFileListPaths = (
				"${PODS_ROOT}/Target Support Files/Pods-WebtoonRecommend/Pods-WebtoonRecommend-frameworks-${CONFIGURATION}-output-files.xcfilelist",
			);
			runOnlyForDeploymentPostprocessing = 0;
			shellPath = /bin/sh;
			shellScript = "\"${PODS_ROOT}/Target Support Files/Pods-WebtoonRecommend/Pods-WebtoonRecommend-frameworks.sh\"\n";
			showEnvVarsInLog = 0;
		};
/* End PBXShellScriptBuildPhase section */

/* Begin PBXSourcesBuildPhase section */
		BC8DD2FB28AB716900B27840 /* Sources */ = {
			isa = PBXSourcesBuildPhase;
			buildActionMask = 2147483647;
			files = (
				BC0F949B28ADF7F3007677C9 /* FileTool.swift in Sources */,
				BC0F94A428AE119E007677C9 /* GlobalVar.swift in Sources */,
				BC0F94AA28AF5763007677C9 /* DrawingStyleView.swift in Sources */,
				BC0F94A628AF5738007677C9 /* GenreView.swift in Sources */,
				BC8DD30528AB716900B27840 /* ContentView.swift in Sources */,
				BC0F949728ACBC2E007677C9 /* WebtoonData.swift in Sources */,
				BC0F949928ACBEFE007677C9 /* FirebaseTool.swift in Sources */,
				BC0F94A828AF5743007677C9 /* StoryView.swift in Sources */,
				BC8DD30328AB716900B27840 /* WebtoonRecommendApp.swift in Sources */,
				BC0F94AD28AF5AAC007677C9 /* ColorExtension.swift in Sources */,
			);
			runOnlyForDeploymentPostprocessing = 0;
		};
/* End PBXSourcesBuildPhase section */

/* Begin XCBuildConfiguration section */
		BC8DD30B28AB716A00B27840 /* Debug */ = {
			isa = XCBuildConfiguration;
			buildSettings = {
				ALWAYS_SEARCH_USER_PATHS = NO;
				CLANG_ANALYZER_NONNULL = YES;
				CLANG_ANALYZER_NUMBER_OBJECT_CONVERSION = YES_AGGRESSIVE;
				CLANG_CXX_LANGUAGE_STANDARD = "gnu++17";
				CLANG_ENABLE_MODULES = YES;
				CLANG_ENABLE_OBJC_ARC = YES;
				CLANG_ENABLE_OBJC_WEAK = YES;
				CLANG_WARN_BLOCK_CAPTURE_AUTORELEASING = YES;
				CLANG_WARN_BOOL_CONVERSION = YES;
				CLANG_WARN_COMMA = YES;
				CLANG_WARN_CONSTANT_CONVERSION = YES;
				CLANG_WARN_DEPRECATED_OBJC_IMPLEMENTATIONS = YES;
				CLANG_WARN_DIRECT_OBJC_ISA_USAGE = YES_ERROR;
				CLANG_WARN_DOCUMENTATION_COMMENTS = YES;
				CLANG_WARN_EMPTY_BODY = YES;
				CLANG_WARN_ENUM_CONVERSION = YES;
				CLANG_WARN_INFINITE_RECURSION = YES;
				CLANG_WARN_INT_CONVERSION = YES;
				CLANG_WARN_NON_LITERAL_NULL_CONVERSION = YES;
				CLANG_WARN_OBJC_IMPLICIT_RETAIN_SELF = YES;
				CLANG_WARN_OBJC_LITERAL_CONVERSION = YES;
				CLANG_WARN_OBJC_ROOT_CLASS = YES_ERROR;
				CLANG_WARN_QUOTED_INCLUDE_IN_FRAMEWORK_HEADER = YES;
				CLANG_WARN_RANGE_LOOP_ANALYSIS = YES;
				CLANG_WARN_STRICT_PROTOTYPES = YES;
				CLANG_WARN_SUSPICIOUS_MOVE = YES;
				CLANG_WARN_UNGUARDED_AVAILABILITY = YES_AGGRESSIVE;
				CLANG_WARN_UNREACHABLE_CODE = YES;
				CLANG_WARN__DUPLICATE_METHOD_MATCH = YES;
				COPY_PHASE_STRIP = NO;
				DEBUG_INFORMATION_FORMAT = dwarf;
				ENABLE_STRICT_OBJC_MSGSEND = YES;
				ENABLE_TESTABILITY = YES;
				GCC_C_LANGUAGE_STANDARD = gnu11;
				GCC_DYNAMIC_NO_PIC = NO;
				GCC_NO_COMMON_BLOCKS = YES;
				GCC_OPTIMIZATION_LEVEL = 0;
				GCC_PREPROCESSOR_DEFINITIONS = (
					"DEBUG=1",
					"$(inherited)",
				);
				GCC_WARN_64_TO_32_BIT_CONVERSION = YES;
				GCC_WARN_ABOUT_RETURN_TYPE = YES_ERROR;
				GCC_WARN_UNDECLARED_SELECTOR = YES;
				GCC_WARN_UNINITIALIZED_AUTOS = YES_AGGRESSIVE;
				GCC_WARN_UNUSED_FUNCTION = YES;
				GCC_WARN_UNUSED_VARIABLE = YES;
				IPHONEOS_DEPLOYMENT_TARGET = 15.4;
				MTL_ENABLE_DEBUG_INFO = INCLUDE_SOURCE;
				MTL_FAST_MATH = YES;
				ONLY_ACTIVE_ARCH = YES;
				SDKROOT = iphoneos;
				SWIFT_ACTIVE_COMPILATION_CONDITIONS = DEBUG;
				SWIFT_OPTIMIZATION_LEVEL = "-Onone";
			};
			name = Debug;
		};
		BC8DD30C28AB716A00B27840 /* Release */ = {
			isa = XCBuildConfiguration;
			buildSettings = {
				ALWAYS_SEARCH_USER_PATHS = NO;
				CLANG_ANALYZER_NONNULL = YES;
				CLANG_ANALYZER_NUMBER_OBJECT_CONVERSION = YES_AGGRESSIVE;
				CLANG_CXX_LANGUAGE_STANDARD = "gnu++17";
				CLANG_ENABLE_MODULES = YES;
				CLANG_ENABLE_OBJC_ARC = YES;
				CLANG_ENABLE_OBJC_WEAK = YES;
				CLANG_WARN_BLOCK_CAPTURE_AUTORELEASING = YES;
				CLANG_WARN_BOOL_CONVERSION = YES;
				CLANG_WARN_COMMA = YES;
				CLANG_WARN_CONSTANT_CONVERSION = YES;
				CLANG_WARN_DEPRECATED_OBJC_IMPLEMENTATIONS = YES;
				CLANG_WARN_DIRECT_OBJC_ISA_USAGE = YES_ERROR;
				CLANG_WARN_DOCUMENTATION_COMMENTS = YES;
				CLANG_WARN_EMPTY_BODY = YES;
				CLANG_WARN_ENUM_CONVERSION = YES;
				CLANG_WARN_INFINITE_RECURSION = YES;
				CLANG_WARN_INT_CONVERSION = YES;
				CLANG_WARN_NON_LITERAL_NULL_CONVERSION = YES;
				CLANG_WARN_OBJC_IMPLICIT_RETAIN_SELF = YES;
				CLANG_WARN_OBJC_LITERAL_CONVERSION = YES;
				CLANG_WARN_OBJC_ROOT_CLASS = YES_ERROR;
				CLANG_WARN_QUOTED_INCLUDE_IN_FRAMEWORK_HEADER = YES;
				CLANG_WARN_RANGE_LOOP_ANALYSIS = YES;
				CLANG_WARN_STRICT_PROTOTYPES = YES;
				CLANG_WARN_SUSPICIOUS_MOVE = YES;
				CLANG_WARN_UNGUARDED_AVAILABILITY = YES_AGGRESSIVE;
				CLANG_WARN_UNREACHABLE_CODE = YES;
				CLANG_WARN__DUPLICATE_METHOD_MATCH = YES;
				COPY_PHASE_STRIP = NO;
				DEBUG_INFORMATION_FORMAT = "dwarf-with-dsym";
				ENABLE_NS_ASSERTIONS = NO;
				ENABLE_STRICT_OBJC_MSGSEND = YES;
				GCC_C_LANGUAGE_STANDARD = gnu11;
				GCC_NO_COMMON_BLOCKS = YES;
				GCC_WARN_64_TO_32_BIT_CONVERSION = YES;
				GCC_WARN_ABOUT_RETURN_TYPE = YES_ERROR;
				GCC_WARN_UNDECLARED_SELECTOR = YES;
				GCC_WARN_UNINITIALIZED_AUTOS = YES_AGGRESSIVE;
				GCC_WARN_UNUSED_FUNCTION = YES;
				GCC_WARN_UNUSED_VARIABLE = YES;
				IPHONEOS_DEPLOYMENT_TARGET = 15.4;
				MTL_ENABLE_DEBUG_INFO = NO;
				MTL_FAST_MATH = YES;
				SDKROOT = iphoneos;
				SWIFT_COMPILATION_MODE = wholemodule;
				SWIFT_OPTIMIZATION_LEVEL = "-O";
				VALIDATE_PRODUCT = YES;
			};
			name = Release;
		};
		BC8DD30E28AB716A00B27840 /* Debug */ = {
			isa = XCBuildConfiguration;
			baseConfigurationReference = CC24254DD56ABE31F0A7BF40 /* Pods-WebtoonRecommend.debug.xcconfig */;
			buildSettings = {
				ASSETCATALOG_COMPILER_APPICON_NAME = AppIcon;
				ASSETCATALOG_COMPILER_GLOBAL_ACCENT_COLOR_NAME = AccentColor;
				CODE_SIGN_STYLE = Automatic;
				CURRENT_PROJECT_VERSION = 1;
				DEVELOPMENT_ASSET_PATHS = "\"WebtoonRecommend/Preview Content\"";
				DEVELOPMENT_TEAM = 664P5JW26B;
				ENABLE_PREVIEWS = YES;
				GENERATE_INFOPLIST_FILE = YES;
				INFOPLIST_FILE = WebtoonRecommend/Info.plist;
				INFOPLIST_KEY_LSSupportsOpeningDocumentsInPlace = YES;
				INFOPLIST_KEY_UIApplicationSceneManifest_Generation = YES;
				INFOPLIST_KEY_UIApplicationSupportsIndirectInputEvents = YES;
				INFOPLIST_KEY_UILaunchScreen_Generation = YES;
				INFOPLIST_KEY_UISupportedInterfaceOrientations_iPad = "UIInterfaceOrientationPortrait UIInterfaceOrientationPortraitUpsideDown UIInterfaceOrientationLandscapeLeft UIInterfaceOrientationLandscapeRight";
				INFOPLIST_KEY_UISupportedInterfaceOrientations_iPhone = "UIInterfaceOrientationPortrait UIInterfaceOrientationLandscapeLeft UIInterfaceOrientationLandscapeRight";
				LD_RUNPATH_SEARCH_PATHS = (
					"$(inherited)",
					"@executable_path/Frameworks",
				);
				MARKETING_VERSION = 1.0;
				PRODUCT_BUNDLE_IDENTIFIER = com.Dophi.WebtoonRecommend;
				PRODUCT_NAME = "$(TARGET_NAME)";
				SWIFT_EMIT_LOC_STRINGS = YES;
				SWIFT_VERSION = 5.0;
				TARGETED_DEVICE_FAMILY = "1,2";
			};
			name = Debug;
		};
		BC8DD30F28AB716A00B27840 /* Release */ = {
			isa = XCBuildConfiguration;
			baseConfigurationReference = 6F86F5B3704A11141D7510AE /* Pods-WebtoonRecommend.release.xcconfig */;
			buildSettings = {
				ASSETCATALOG_COMPILER_APPICON_NAME = AppIcon;
				ASSETCATALOG_COMPILER_GLOBAL_ACCENT_COLOR_NAME = AccentColor;
				CODE_SIGN_STYLE = Automatic;
				CURRENT_PROJECT_VERSION = 1;
				DEVELOPMENT_ASSET_PATHS = "\"WebtoonRecommend/Preview Content\"";
				DEVELOPMENT_TEAM = 664P5JW26B;
				ENABLE_PREVIEWS = YES;
				GENERATE_INFOPLIST_FILE = YES;
				INFOPLIST_FILE = WebtoonRecommend/Info.plist;
				INFOPLIST_KEY_LSSupportsOpeningDocumentsInPlace = YES;
				INFOPLIST_KEY_UIApplicationSceneManifest_Generation = YES;
				INFOPLIST_KEY_UIApplicationSupportsIndirectInputEvents = YES;
				INFOPLIST_KEY_UILaunchScreen_Generation = YES;
				INFOPLIST_KEY_UISupportedInterfaceOrientations_iPad = "UIInterfaceOrientationPortrait UIInterfaceOrientationPortraitUpsideDown UIInterfaceOrientationLandscapeLeft UIInterfaceOrientationLandscapeRight";
				INFOPLIST_KEY_UISupportedInterfaceOrientations_iPhone = "UIInterfaceOrientationPortrait UIInterfaceOrientationLandscapeLeft UIInterfaceOrientationLandscapeRight";
				LD_RUNPATH_SEARCH_PATHS = (
					"$(inherited)",
					"@executable_path/Frameworks",
				);
				MARKETING_VERSION = 1.0;
				PRODUCT_BUNDLE_IDENTIFIER = com.Dophi.WebtoonRecommend;
				PRODUCT_NAME = "$(TARGET_NAME)";
				SWIFT_EMIT_LOC_STRINGS = YES;
				SWIFT_VERSION = 5.0;
				TARGETED_DEVICE_FAMILY = "1,2";
			};
			name = Release;
		};
/* End XCBuildConfiguration section */

/* Begin XCConfigurationList section */
		BC8DD2FA28AB716900B27840 /* Build configuration list for PBXProject "WebtoonRecommend" */ = {
			isa = XCConfigurationList;
			buildConfigurations = (
				BC8DD30B28AB716A00B27840 /* Debug */,
				BC8DD30C28AB716A00B27840 /* Release */,
			);
			defaultConfigurationIsVisible = 0;
			defaultConfigurationName = Release;
		};
		BC8DD30D28AB716A00B27840 /* Build configuration list for PBXNativeTarget "WebtoonRecommend" */ = {
			isa = XCConfigurationList;
			buildConfigurations = (
				BC8DD30E28AB716A00B27840 /* Debug */,
				BC8DD30F28AB716A00B27840 /* Release */,
			);
			defaultConfigurationIsVisible = 0;
			defaultConfigurationName = Release;
		};
/* End XCConfigurationList section */
	};
	rootObject = BC8DD2F728AB716900B27840 /* Project object */;
}
